
Microsoft Visual Studio Solution File, Format Version 12.00
# Visual Studio Version 17
VisualStudioVersion = 17.9.34607.119
MinimumVisualStudioVersion = 10.0.40219.1
Project("{8BC9CEB8-8B4A-11D0-8D11-00A0C91BC942}") = "Lesson", "Lesson\Lesson.vcxproj", "{F0CDED45-0E12-4767-BAB4-50FA806FB0CB}"
EndProject
Global
	GlobalSection(SolutionConfigurationPlatforms) = preSolution
		Debug|x64 = Debug|x64
		Debug|x86 = Debug|x86
		Release|x64 = Release|x64
		Release|x86 = Release|x86
	EndGlobalSection
	GlobalSection(ProjectConfigurationPlatforms) = postSolution
		{F0CDED45-0E12-4767-BAB4-50FA806FB0CB}.Debug|x64.ActiveCfg = Debug|x64
		{F0CDED45-0E12-4767-BAB4-50FA806FB0CB}.Debug|x64.Build.0 = Debug|x64
		{F0CDED45-0E12-4767-BAB4-50FA806FB0CB}.Debug|x86.ActiveCfg = Debug|Win32
		{F0CDED45-0E12-4767-BAB4-50FA806FB0CB}.Debug|x86.Build.0 = Debug|Win32
		{F0CDED45-0E12-4767-BAB4-50FA806FB0CB}.Release|x64.ActiveCfg = Release|x64
		{F0CDED45-0E12-4767-BAB4-50FA806FB0CB}.Release|x64.Build.0 = Release|x64
		{F0CDED45-0E12-4767-BAB4-50FA806FB0CB}.Release|x86.ActiveCfg = Release|Win32
		{F0CDED45-0E12-4767-BAB4-50FA806FB0CB}.Release|x86.Build.0 = Release|Win32
	EndGlobalSection
	GlobalSection(SolutionProperties) = preSolution
		HideSolutionNode = FALSE
	EndGlobalSection
	GlobalSection(ExtensibilityGlobals) = postSolution
		SolutionGuid = {C07D660D-4DBD-4E23-A953-D9A117695ADB}
	EndGlobalSection
EndGlobal
